
Microsoft Visual Studio Solution File, Format Version 12.00
# Visual Studio Version 17
VisualStudioVersion = 17.0.32014.148
MinimumVisualStudioVersion = 10.0.40219.1
Project("{9A19103F-16F7-4668-BE54-9A1E7A4F7556}") = "Kombicim.Data", "Kombicim.Data\Kombicim.Data.csproj", "{24B1C7F2-EBAA-46A6-B2E4-487332049138}"
EndProject
Project("{9A19103F-16F7-4668-BE54-9A1E7A4F7556}") = "Kombicim.Mobile", "Kombicim.Mobile\Kombicim.Mobile.csproj", "{F46346C2-5ADC-47F1-8B33-2899789B789B}"
EndProject
Project("{9A19103F-16F7-4668-BE54-9A1E7A4F7556}") = "Kombicim.APIShared", "Kombicim.APIShared\Kombicim.APIShared.csproj", "{916FCE23-7166-47A0-9EB3-5C4C037FB9E4}"
EndProject
Project("{E53339B2-1760-4266-BCC7-CA923CBCF16C}") = "docker-compose", "docker-compose.dcproj", "{8207CA50-2C2C-4F26-A883-69406DA3A144}"
EndProject
Project("{9A19103F-16F7-4668-BE54-9A1E7A4F7556}") = "Kombicim.Arduino", "Kombicim.Arduino\Kombicim.Arduino.csproj", "{4A866C8C-938A-40BE-AB8E-325B87C7B624}"
EndProject
Global
	GlobalSection(SolutionConfigurationPlatforms) = preSolution
		Debug|Any CPU = Debug|Any CPU
		Release|Any CPU = Release|Any CPU
	EndGlobalSection
	GlobalSection(ProjectConfigurationPlatforms) = postSolution
		{24B1C7F2-EBAA-46A6-B2E4-487332049138}.Debug|Any CPU.ActiveCfg = Debug|Any CPU
		{24B1C7F2-EBAA-46A6-B2E4-487332049138}.Debug|Any CPU.Build.0 = Debug|Any CPU
		{24B1C7F2-EBAA-46A6-B2E4-487332049138}.Release|Any CPU.ActiveCfg = Release|Any CPU
		{24B1C7F2-EBAA-46A6-B2E4-487332049138}.Release|Any CPU.Build.0 = Release|Any CPU
		{F46346C2-5ADC-47F1-8B33-2899789B789B}.Debug|Any CPU.ActiveCfg = Debug|Any CPU
		{F46346C2-5ADC-47F1-8B33-2899789B789B}.Debug|Any CPU.Build.0 = Debug|Any CPU
		{F46346C2-5ADC-47F1-8B33-2899789B789B}.Release|Any CPU.ActiveCfg = Release|Any CPU
		{F46346C2-5ADC-47F1-8B33-2899789B789B}.Release|Any CPU.Build.0 = Release|Any CPU
		{916FCE23-7166-47A0-9EB3-5C4C037FB9E4}.Debug|Any CPU.ActiveCfg = Debug|Any CPU
		{916FCE23-7166-47A0-9EB3-5C4C037FB9E4}.Debug|Any CPU.Build.0 = Debug|Any CPU
		{916FCE23-7166-47A0-9EB3-5C4C037FB9E4}.Release|Any CPU.ActiveCfg = Release|Any CPU
		{916FCE23-7166-47A0-9EB3-5C4C037FB9E4}.Release|Any CPU.Build.0 = Release|Any CPU
		{8207CA50-2C2C-4F26-A883-69406DA3A144}.Debug|Any CPU.ActiveCfg = Debug|Any CPU
		{8207CA50-2C2C-4F26-A883-69406DA3A144}.Debug|Any CPU.Build.0 = Debug|Any CPU
		{8207CA50-2C2C-4F26-A883-69406DA3A144}.Release|Any CPU.ActiveCfg = Release|Any CPU
		{8207CA50-2C2C-4F26-A883-69406DA3A144}.Release|Any CPU.Build.0 = Release|Any CPU
		{4A866C8C-938A-40BE-AB8E-325B87C7B624}.Debug|Any CPU.ActiveCfg = Debug|Any CPU
		{4A866C8C-938A-40BE-AB8E-325B87C7B624}.Debug|Any CPU.Build.0 = Debug|Any CPU
		{4A866C8C-938A-40BE-AB8E-325B87C7B624}.Release|Any CPU.ActiveCfg = Release|Any CPU
		{4A866C8C-938A-40BE-AB8E-325B87C7B624}.Release|Any CPU.Build.0 = Release|Any CPU
	EndGlobalSection
	GlobalSection(SolutionProperties) = preSolution
		HideSolutionNode = FALSE
	EndGlobalSection
	GlobalSection(ExtensibilityGlobals) = postSolution
		SolutionGuid = {826D0A3B-E54C-48E0-8ADA-2E3B8CD69616}
	EndGlobalSection
EndGlobal
